{
    "_meta": {
        "hash": {
            "sha256": "7bfc3ffd2485a1c3654e7460943a33e3fe46b3123cfc8487f70e6d908ae89793"
        },
        "pipfile-spec": 6,
        "requires": {
            "python_version": "3.6"
        },
        "sources": [
            {
                "name": "pypi",
                "url": "https://pypi.python.org/simple",
                "verify_ssl": true
            }
        ]
    },
    "default": {
        "commandlines": {
            "hashes": [
                "sha256:86b650b78470ac95966d7b1a9d215c16591bccb34b28ae2bb9026c3b4166fd64",
                "sha256:b7dbf71b8dec42c16e9694b87e0e121d288e5a40d5d4f0dd1c0651ab7af06837"
            ],
            "index": "pypi",
            "version": "==0.4.1"
        },
        "fonttools": {
            "hashes": [
                "sha256:5cc459fb891968e35852fceb93aad4272fa782f90332ffb603f0fcab1d0ac2d6",
                "sha256:d13e98c9f3b635a5334dab69eb471d7286928ac82db7ca57b5bf4cdf3824789a"
            ],
            "index": "pypi",
            "version": "==3.24.1"
        },
        "standardstreams": {
            "hashes": [
                "sha256:8650d89073af3103db1c65c6706705749f3959286a6246c16cfd51ccbaf12b4b",
                "sha256:9cee1ffbc5f88179aebf917d6727197a58375b887c19c920fbfbce12a48ed424"
            ],
            "index": "pypi",
            "version": "==0.2.0"
        }
    },
    "develop": {}
}
